Microsoft Visual Studio Solution File, Format Version 12.00
# Visual Studio 2012
Project("{FAE04EC0-301F-11D3-BF4B-00C04F79EFBC}") = "minzGame", "minzGame.csproj", "{7712C03F-BCE3-4975-8FC5-E5B1F3E03BE5}"
EndProject
Global
	GlobalSection(SolutionConfigurationPlatforms) = preSolution
	Debug|Any CPU = Debug|Any CPU
	Release|Any CPU = Release|Any CPU
	Tools|Any CPU = Tools|Any CPU
	EndGlobalSection
	GlobalSection(ProjectConfigurationPlatforms) = postSolution
		{7712C03F-BCE3-4975-8FC5-E5B1F3E03BE5}.Debug|Any CPU.ActiveCfg = Debug|Any CPU
		{7712C03F-BCE3-4975-8FC5-E5B1F3E03BE5}.Debug|Any CPU.Build.0 = Debug|Any CPU
		{7712C03F-BCE3-4975-8FC5-E5B1F3E03BE5}.Release|Any CPU.ActiveCfg = Release|Any CPU
		{7712C03F-BCE3-4975-8FC5-E5B1F3E03BE5}.Release|Any CPU.Build.0 = Release|Any CPU
		{7712C03F-BCE3-4975-8FC5-E5B1F3E03BE5}.Tools|Any CPU.ActiveCfg = Tools|Any CPU
		{7712C03F-BCE3-4975-8FC5-E5B1F3E03BE5}.Tools|Any CPU.Build.0 = Tools|Any CPU
	EndGlobalSection
EndGlobal
